
Microsoft Visual Studio Solution File, Format Version 12.00
# Visual Studio Version 17
VisualStudioVersion = 17.6.33829.357
MinimumVisualStudioVersion = 10.0.40219.1
Project("{2150E333-8FDC-42A3-9474-1A3956D46DE8}") = ".src", ".src", "{F379C70C-23E3-4DFE-BD4A-36437D8B0885}"
EndProject
Project("{2150E333-8FDC-42A3-9474-1A3956D46DE8}") = ".tests", ".tests", "{DF9D82B8-3073-45B6-A3FF-2BD869AC6721}"
EndProject
Project("{FAE04EC0-301F-11D3-BF4B-00C04F79EFBC}") = "StringCalculator.Shared", ".src\StringCalculator.Shared\StringCalculator.Shared.csproj", "{D325992E-7D16-4BE3-80A5-E9585BFBBC1E}"
EndProject
Project("{FAE04EC0-301F-11D3-BF4B-00C04F79EFBC}") = "StringCalculator.Tests", ".tests\StringCalculator.Tests\StringCalculator.Tests.csproj", "{DD726460-3FB0-4A1B-9FFC-EF5E5A370949}"
EndProject
Global
	GlobalSection(SolutionConfigurationPlatforms) = preSolution
		Debug|Any CPU = Debug|Any CPU
		Release|Any CPU = Release|Any CPU
	EndGlobalSection
	GlobalSection(ProjectConfigurationPlatforms) = postSolution
		{D325992E-7D16-4BE3-80A5-E9585BFBBC1E}.Debug|Any CPU.ActiveCfg = Debug|Any CPU
		{D325992E-7D16-4BE3-80A5-E9585BFBBC1E}.Debug|Any CPU.Build.0 = Debug|Any CPU
		{D325992E-7D16-4BE3-80A5-E9585BFBBC1E}.Release|Any CPU.ActiveCfg = Release|Any CPU
		{D325992E-7D16-4BE3-80A5-E9585BFBBC1E}.Release|Any CPU.Build.0 = Release|Any CPU
		{DD726460-3FB0-4A1B-9FFC-EF5E5A370949}.Debug|Any CPU.ActiveCfg = Debug|Any CPU
		{DD726460-3FB0-4A1B-9FFC-EF5E5A370949}.Debug|Any CPU.Build.0 = Debug|Any CPU
		{DD726460-3FB0-4A1B-9FFC-EF5E5A370949}.Release|Any CPU.ActiveCfg = Release|Any CPU
		{DD726460-3FB0-4A1B-9FFC-EF5E5A370949}.Release|Any CPU.Build.0 = Release|Any CPU
	EndGlobalSection
	GlobalSection(SolutionProperties) = preSolution
		HideSolutionNode = FALSE
	EndGlobalSection
	GlobalSection(NestedProjects) = preSolution
		{D325992E-7D16-4BE3-80A5-E9585BFBBC1E} = {F379C70C-23E3-4DFE-BD4A-36437D8B0885}
		{DD726460-3FB0-4A1B-9FFC-EF5E5A370949} = {DF9D82B8-3073-45B6-A3FF-2BD869AC6721}
	EndGlobalSection
	GlobalSection(ExtensibilityGlobals) = postSolution
		SolutionGuid = {4F75D23B-3B91-4FBA-B5C0-DB130F5BFA82}
	EndGlobalSection
EndGlobal
